{
  "name": "asp.net",
  "version": "1.0.0",
  "lockfileVersion": 2,
  "requires": true,
  "packages": {
    "": {
      "name": "asp.net",
      "version": "1.0.0",
      "devDependencies": {
        "@syncfusion/ej2-js-es5": "^19.2.44"
      }
    },
    "node_modules/@syncfusion/ej2-js-es5": {
      "version": "19.2.44",
      "resolved": "https://registry.npmjs.org/@syncfusion/ej2-js-es5/-/ej2-js-es5-19.2.44.tgz",
      "integrity": "sha512-/WKUtqhqG+QBoDNkVHn7+vw8ysFtjIxhT7u27160Q5EGHZpecpH8oS4Dhvv38YaRL/Ah8W6/CVfUn5x9ZG/ixA==",
      "dev": true
    }
  },
  "dependencies": {
    "@syncfusion/ej2-js-es5": {
      "version": "19.2.44",
      "resolved": "https://registry.npmjs.org/@syncfusion/ej2-js-es5/-/ej2-js-es5-19.2.44.tgz",
      "integrity": "sha512-/WKUtqhqG+QBoDNkVHn7+vw8ysFtjIxhT7u27160Q5EGHZpecpH8oS4Dhvv38YaRL/Ah8W6/CVfUn5x9ZG/ixA==",
      "dev": true
    }
  }
}
